
Microsoft Visual Studio Solution File, Format Version 12.00
# Visual Studio Version 17
VisualStudioVersion = 17.9.34616.47
MinimumVisualStudioVersion = 10.0.40219.1
Project("{9A19103F-16F7-4668-BE54-9A1E7A4F7556}") = "electrigreen", "electrigreen\electrigreen.csproj", "{5687401E-08DF-4735-8E02-416363E6AC9A}"
EndProject
Project("{FAE04EC0-301F-11D3-BF4B-00C04F79EFBC}") = "electrigreenAPI", "electrigreenAPI\electrigreenAPI.csproj", "{81238B17-6B4A-41D6-83D7-1449B3D8087F}"
EndProject
Global
	GlobalSection(SolutionConfigurationPlatforms) = preSolution
		Debug|Any CPU = Debug|Any CPU
		Release|Any CPU = Release|Any CPU
	EndGlobalSection
	GlobalSection(ProjectConfigurationPlatforms) = postSolution
		{5687401E-08DF-4735-8E02-416363E6AC9A}.Debug|Any CPU.ActiveCfg = Debug|Any CPU
		{5687401E-08DF-4735-8E02-416363E6AC9A}.Debug|Any CPU.Build.0 = Debug|Any CPU
		{5687401E-08DF-4735-8E02-416363E6AC9A}.Release|Any CPU.ActiveCfg = Release|Any CPU
		{5687401E-08DF-4735-8E02-416363E6AC9A}.Release|Any CPU.Build.0 = Release|Any CPU
		{81238B17-6B4A-41D6-83D7-1449B3D8087F}.Debug|Any CPU.ActiveCfg = Debug|Any CPU
		{81238B17-6B4A-41D6-83D7-1449B3D8087F}.Debug|Any CPU.Build.0 = Debug|Any CPU
		{81238B17-6B4A-41D6-83D7-1449B3D8087F}.Release|Any CPU.ActiveCfg = Release|Any CPU
		{81238B17-6B4A-41D6-83D7-1449B3D8087F}.Release|Any CPU.Build.0 = Release|Any CPU
	EndGlobalSection
	GlobalSection(SolutionProperties) = preSolution
		HideSolutionNode = FALSE
	EndGlobalSection
	GlobalSection(ExtensibilityGlobals) = postSolution
		SolutionGuid = {AD279610-61E7-47C1-9839-C04C86222BB9}
	EndGlobalSection
EndGlobal
